
Microsoft Visual Studio Solution File, Format Version 12.00
# Visual Studio Version 17
VisualStudioVersion = 17.11.35327.3
MinimumVisualStudioVersion = 10.0.40219.1
Project("{FAE04EC0-301F-11D3-BF4B-00C04F79EFBC}") = "CCAD16_Assignment1_2_2", "CCAD16_Assignment1_2_2.csproj", "{EE562279-AA4C-400B-96FD-046C7EE87B46}"
EndProject
Global
	GlobalSection(SolutionConfigurationPlatforms) = preSolution
		Debug|Any CPU = Debug|Any CPU
		Release|Any CPU = Release|Any CPU
	EndGlobalSection
	GlobalSection(ProjectConfigurationPlatforms) = postSolution
		{EE562279-AA4C-400B-96FD-046C7EE87B46}.Debug|Any CPU.ActiveCfg = Debug|Any CPU
		{EE562279-AA4C-400B-96FD-046C7EE87B46}.Debug|Any CPU.Build.0 = Debug|Any CPU
		{EE562279-AA4C-400B-96FD-046C7EE87B46}.Release|Any CPU.ActiveCfg = Release|Any CPU
		{EE562279-AA4C-400B-96FD-046C7EE87B46}.Release|Any CPU.Build.0 = Release|Any CPU
	EndGlobalSection
	GlobalSection(SolutionProperties) = preSolution
		HideSolutionNode = FALSE
	EndGlobalSection
	GlobalSection(ExtensibilityGlobals) = postSolution
		SolutionGuid = {55D3181A-DC79-41CB-B80B-CA7F89B2C6E9}
	EndGlobalSection
EndGlobal
